// !$*UTF8*$!
{
	archiveVersion = 1;
	classes = {
	};
	objectVersion = 46;
	objects = {

/* Begin PBXBuildFile section */
		71089B6018F3897300463A8C /* Foundation.framework in Frameworks */ = {isa = PBXBuildFile; fileRef = 71089B5F18F3897300463A8C /* Foundation.framework */; };
		71089B6218F3897300463A8C /* CoreGraphics.framework in Frameworks */ = {isa = PBXBuildFile; fileRef = 71089B6118F3897300463A8C /* CoreGraphics.framework */; };
		71089B6418F3897300463A8C /* UIKit.framework in Frameworks */ = {isa = PBXBuildFile; fileRef = 71089B6318F3897300463A8C /* UIKit.framework */; };
		71089B6A18F3897300463A8C /* InfoPlist.strings in Resources */ = {isa = PBXBuildFile; fileRef = 71089B6818F3897300463A8C /* InfoPlist.strings */; };
		71089B6C18F3897300463A8C /* main.m in Sources */ = {isa = PBXBuildFile; fileRef = 71089B6B18F3897300463A8C /* main.m */; };
		71089B7018F3897300463A8C /* BNRAppDelegate.m in Sources */ = {isa = PBXBuildFile; fileRef = 71089B6F18F3897300463A8C /* BNRAppDelegate.m */; };
		71089B7218F3897300463A8C /* Images.xcassets in Resources */ = {isa = PBXBuildFile; fileRef = 71089B7118F3897300463A8C /* Images.xcassets */; };
		71089B7918F3897300463A8C /* XCTest.framework in Frameworks */ = {isa = PBXBuildFile; fileRef = 71089B7818F3897300463A8C /* XCTest.framework */; };
		71089B7A18F3897300463A8C /* Foundation.framework in Frameworks */ = {isa = PBXBuildFile; fileRef = 71089B5F18F3897300463A8C /* Foundation.framework */; };
		71089B7B18F3897300463A8C /* UIKit.framework in Frameworks */ = {isa = PBXBuildFile; fileRef = 71089B6318F3897300463A8C /* UIKit.framework */; };
		71089B8318F3897300463A8C /* InfoPlist.strings in Resources */ = {isa = PBXBuildFile; fileRef = 71089B8118F3897300463A8C /* InfoPlist.strings */; };
		71089B8518F3897300463A8C /* QuizTests.m in Sources */ = {isa = PBXBuildFile; fileRef = 71089B8418F3897300463A8C /* QuizTests.m */; };
		71089B9118F38C4100463A8C /* BNRQuizViewController.m in Sources */ = {isa = PBXBuildFile; fileRef = 71089B8F18F38C4100463A8C /* BNRQuizViewController.m */; };
		71089B9218F38C4100463A8C /* BNRQuizViewController.xib in Resources */ = {isa = PBXBuildFile; fileRef = 71089B9018F38C4100463A8C /* BNRQuizViewController.xib */; };
/* End PBXBuildFile section */

/* Begin PBXContainerItemProxy section */
		71089B7C18F3897300463A8C /* PBXContainerItemProxy */ = {
			isa = PBXContainerItemProxy;
			containerPortal = 71089B5418F3897300463A8C /* Project object */;
			proxyType = 1;
			remoteGlobalIDString = 71089B5B18F3897300463A8C;
			remoteInfo = Quiz;
		};
/* End PBXContainerItemProxy section */

/* Begin PBXFileReference section */
		71089B5C18F3897300463A8C /* Quiz.app */ = {isa = PBXFileReference; explicitFileType = wrapper.application; includeInIndex = 0; path = Quiz.app; sourceTree = BUILT_PRODUCTS_DIR; };
		71089B5F18F3897300463A8C /* Foundation.framework */ = {isa = PBXFileReference; lastKnownFileType = wrapper.framework; name = Foundation.framework; path = System/Library/Frameworks/Foundation.framework; sourceTree = SDKROOT; };
		71089B6118F3897300463A8C /* CoreGraphics.framework */ = {isa = PBXFileReference; lastKnownFileType = wrapper.framework; name = CoreGraphics.framework; path = System/Library/Frameworks/CoreGraphics.framework; sourceTree = SDKROOT; };
		71089B6318F3897300463A8C /* UIKit.framework */ = {isa = PBXFileReference; lastKnownFileType = wrapper.framework; name = UIKit.framework; path = System/Library/Frameworks/UIKit.framework; sourceTree = SDKROOT; };
		71089B6718F3897300463A8C /* Quiz-Info.plist */ = {isa = PBXFileReference; lastKnownFileType = text.plist.xml; path = "Quiz-Info.plist"; sourceTree = "<group>"; };
		71089B6918F3897300463A8C /* en */ = {isa = PBXFileReference; lastKnownFileType = text.plist.strings; name = en; path = en.lproj/InfoPlist.strings; sourceTree = "<group>"; };
		71089B6B18F3897300463A8C /* main.m */ = {isa = PBXFileReference; lastKnownFileType = sourcecode.c.objc; path = main.m; sourceTree = "<group>"; };
		71089B6D18F3897300463A8C /* Quiz-Prefix.pch */ = {isa = PBXFileReference; lastKnownFileType = sourcecode.c.h; path = "Quiz-Prefix.pch"; sourceTree = "<group>"; };
		71089B6E18F3897300463A8C /* BNRAppDelegate.h */ = {isa = PBXFileReference; lastKnownFileType = sourcecode.c.h; path = BNRAppDelegate.h; sourceTree = "<group>"; };
		71089B6F18F3897300463A8C /* BNRAppDelegate.m */ = {isa = PBXFileReference; lastKnownFileType = sourcecode.c.objc; path = BNRAppDelegate.m; sourceTree = "<group>"; };
		71089B7118F3897300463A8C /* Images.xcassets */ = {isa = PBXFileReference; lastKnownFileType = folder.assetcatalog; path = Images.xcassets; sourceTree = "<group>"; };
		71089B7718F3897300463A8C /* QuizTests.xctest */ = {isa = PBXFileReference; explicitFileType = wrapper.cfbundle; includeInIndex = 0; path = QuizTests.xctest; sourceTree = BUILT_PRODUCTS_DIR; };
		71089B7818F3897300463A8C /* XCTest.framework */ = {isa = PBXFileReference; lastKnownFileType = wrapper.framework; name = XCTest.framework; path = Library/Frameworks/XCTest.framework; sourceTree = DEVELOPER_DIR; };
		71089B8018F3897300463A8C /* QuizTests-Info.plist */ = {isa = PBXFileReference; lastKnownFileType = text.plist.xml; path = "QuizTests-Info.plist"; sourceTree = "<group>"; };
		71089B8218F3897300463A8C /* en */ = {isa = PBXFileReference; lastKnownFileType = text.plist.strings; name = en; path = en.lproj/InfoPlist.strings; sourceTree = "<group>"; };
		71089B8418F3897300463A8C /* QuizTests.m */ = {isa = PBXFileReference; lastKnownFileType = sourcecode.c.objc; path = QuizTests.m; sourceTree = "<group>"; };
		71089B8E18F38C4100463A8C /* BNRQuizViewController.h */ = {isa = PBXFileReference; fileEncoding = 4; lastKnownFileType = sourcecode.c.h; path = BNRQuizViewController.h; sourceTree = "<group>"; };
		71089B8F18F38C4100463A8C /* BNRQuizViewController.m */ = {isa = PBXFileReference; fileEncoding = 4; lastKnownFileType = sourcecode.c.objc; path = BNRQuizViewController.m; sourceTree = "<group>"; };
		71089B9018F38C4100463A8C /* BNRQuizViewController.xib */ = {isa = PBXFileReference; fileEncoding = 4; lastKnownFileType = file.xib; path = BNRQuizViewController.xib; sourceTree = "<group>"; };
/* End PBXFileReference section */

/* Begin PBXFrameworksBuildPhase section */
		71089B5918F3897300463A8C /* Frameworks */ = {
			isa = PBXFrameworksBuildPhase;
			buildActionMask = 2147483647;
			files = (
				71089B6218F3897300463A8C /* CoreGraphics.framework in Frameworks */,
				71089B6418F3897300463A8C /* UIKit.framework in Frameworks */,
				71089B6018F3897300463A8C /* Foundation.framework in Frameworks */,
			);
			runOnlyForDeploymentPostprocessing = 0;
		};
		71089B7418F3897300463A8C /* Frameworks */ = {
			isa = PBXFrameworksBuildPhase;
			buildActionMask = 2147483647;
			files = (
				71089B7918F3897300463A8C /* XCTest.framework in Frameworks */,
				71089B7B18F3897300463A8C /* UIKit.framework in Frameworks */,
				71089B7A18F3897300463A8C /* Foundation.framework in Frameworks */,
			);
			runOnlyForDeploymentPostprocessing = 0;
		};
/* End PBXFrameworksBuildPhase section */

/* Begin PBXGroup section */
		71089B5318F3897300463A8C = {
			isa = PBXGroup;
			children = (
				71089B8E18F38C4100463A8C /* BNRQuizViewController.h */,
				71089B8F18F38C4100463A8C /* BNRQuizViewController.m */,
				71089B9018F38C4100463A8C /* BNRQuizViewController.xib */,
				71089B6518F3897300463A8C /* Quiz */,
				71089B7E18F3897300463A8C /* QuizTests */,
				71089B5E18F3897300463A8C /* Frameworks */,
				71089B5D18F3897300463A8C /* Products */,
			);
			sourceTree = "<group>";
		};
		71089B5D18F3897300463A8C /* Products */ = {
			isa = PBXGroup;
			children = (
				71089B5C18F3897300463A8C /* Quiz.app */,
				71089B7718F3897300463A8C /* QuizTests.xctest */,
			);
			name = Products;
			sourceTree = "<group>";
		};
		71089B5E18F3897300463A8C /* Frameworks */ = {
			isa = PBXGroup;
			children = (
				71089B5F18F3897300463A8C /* Foundation.framework */,
				71089B6118F3897300463A8C /* CoreGraphics.framework */,
				71089B6318F3897300463A8C /* UIKit.framework */,
				71089B7818F3897300463A8C /* XCTest.framework */,
			);
			name = Frameworks;
			sourceTree = "<group>";
		};
		71089B6518F3897300463A8C /* Quiz */ = {
			isa = PBXGroup;
			children = (
				71089B6E18F3897300463A8C /* BNRAppDelegate.h */,
				71089B6F18F3897300463A8C /* BNRAppDelegate.m */,
				71089B7118F3897300463A8C /* Images.xcassets */,
				71089B6618F3897300463A8C /* Supporting Files */,
			);
			path = Quiz;
			sourceTree = "<group>";
		};
		71089B6618F3897300463A8C /* Supporting Files */ = {
			isa = PBXGroup;
			children = (
				71089B6718F3897300463A8C /* Quiz-Info.plist */,
				71089B6818F3897300463A8C /* InfoPlist.strings */,
				71089B6B18F3897300463A8C /* main.m */,
				71089B6D18F3897300463A8C /* Quiz-Prefix.pch */,
			);
			name = "Supporting Files";
			sourceTree = "<group>";
		};
		71089B7E18F3897300463A8C /* QuizTests */ = {
			isa = PBXGroup;
			children = (
				71089B8418F3897300463A8C /* QuizTests.m */,
				71089B7F18F3897300463A8C /* Supporting Files */,
			);
			path = QuizTests;
			sourceTree = "<group>";
		};
		71089B7F18F3897300463A8C /* Supporting Files */ = {
			isa = PBXGroup;
			children = (
				71089B8018F3897300463A8C /* QuizTests-Info.plist */,
				71089B8118F3897300463A8C /* InfoPlist.strings */,
			);
			name = "Supporting Files";
			sourceTree = "<group>";
		};
/* End PBXGroup section */

/* Begin PBXNativeTarget section */
		71089B5B18F3897300463A8C /* Quiz */ = {
			isa = PBXNativeTarget;
			buildConfigurationList = 71089B8818F3897300463A8C /* Build configuration list for PBXNativeTarget "Quiz" */;
			buildPhases = (
				71089B5818F3897300463A8C /* Sources */,
				71089B5918F3897300463A8C /* Frameworks */,
				71089B5A18F3897300463A8C /* Resources */,
			);
			buildRules = (
			);
			dependencies = (
			);
			name = Quiz;
			productName = Quiz;
			productReference = 71089B5C18F3897300463A8C /* Quiz.app */;
			productType = "com.apple.product-type.application";
		};
		71089B7618F3897300463A8C /* QuizTests */ = {
			isa = PBXNativeTarget;
			buildConfigurationList = 71089B8B18F3897300463A8C /* Build configuration list for PBXNativeTarget "QuizTests" */;
			buildPhases = (
				71089B7318F3897300463A8C /* Sources */,
				71089B7418F3897300463A8C /* Frameworks */,
				71089B7518F3897300463A8C /* Resources */,
			);
			buildRules = (
			);
			dependencies = (
				71089B7D18F3897300463A8C /* PBXTargetDependency */,
			);
			name = QuizTests;
			productName = QuizTests;
			productReference = 71089B7718F3897300463A8C /* QuizTests.xctest */;
			productType = "com.apple.product-type.bundle.unit-test";
		};
/* End PBXNativeTarget section */

/* Begin PBXProject section */
		71089B5418F3897300463A8C /* Project object */ = {
			isa = PBXProject;
			attributes = {
				CLASSPREFIX = BNR;
				LastUpgradeCheck = 0510;
				ORGANIZATIONNAME = "Ray Mangum";
				TargetAttributes = {
					71089B7618F3897300463A8C = {
						TestTargetID = 71089B5B18F3897300463A8C;
					};
				};
			};
			buildConfigurationList = 71089B5718F3897300463A8C /* Build configuration list for PBXProject "Quiz" */;
			compatibilityVersion = "Xcode 3.2";
			developmentRegion = English;
			hasScannedForEncodings = 0;
			knownRegions = (
				en,
			);
			mainGroup = 71089B5318F3897300463A8C;
			productRefGroup = 71089B5D18F3897300463A8C /* Products */;
			projectDirPath = "";
			projectRoot = "";
			targets = (
				71089B5B18F3897300463A8C /* Quiz */,
				71089B7618F3897300463A8C /* QuizTests */,
			);
		};
/* End PBXProject section */

/* Begin PBXResourcesBuildPhase section */
		71089B5A18F3897300463A8C /* Resources */ = {
			isa = PBXResourcesBuildPhase;
			buildActionMask = 2147483647;
			files = (
				71089B6A18F3897300463A8C /* InfoPlist.strings in Resources */,
				71089B9218F38C4100463A8C /* BNRQuizViewController.xib in Resources */,
				71089B7218F3897300463A8C /* Images.xcassets in Resources */,
			);
			runOnlyForDeploymentPostprocessing = 0;
		};
		71089B7518F3897300463A8C /* Resources */ = {
			isa = PBXResourcesBuildPhase;
			buildActionMask = 2147483647;
			files = (
				71089B8318F3897300463A8C /* InfoPlist.strings in Resources */,
			);
			runOnlyForDeploymentPostprocessing = 0;
		};
/* End PBXResourcesBuildPhase section */

/* Begin PBXSourcesBuildPhase section */
		71089B5818F3897300463A8C /* Sources */ = {
			isa = PBXSourcesBuildPhase;
			buildActionMask = 2147483647;
			files = (
				71089B6C18F3897300463A8C /* main.m in Sources */,
				71089B7018F3897300463A8C /* BNRAppDelegate.m in Sources */,
				71089B9118F38C4100463A8C /* BNRQuizViewController.m in Sources */,
			);
			runOnlyForDeploymentPostprocessing = 0;
		};
		71089B7318F3897300463A8C /* Sources */ = {
			isa = PBXSourcesBuildPhase;
			buildActionMask = 2147483647;
			files = (
				71089B8518F3897300463A8C /* QuizTests.m in Sources */,
			);
			runOnlyForDeploymentPostprocessing = 0;
		};
/* End PBXSourcesBuildPhase section */

/* Begin PBXTargetDependency section */
		71089B7D18F3897300463A8C /* PBXTargetDependency */ = {
			isa = PBXTargetDependency;
			target = 71089B5B18F3897300463A8C /* Quiz */;
			targetProxy = 71089B7C18F3897300463A8C /* PBXContainerItemProxy */;
		};
/* End PBXTargetDependency section */

/* Begin PBXVariantGroup section */
		71089B6818F3897300463A8C /* InfoPlist.strings */ = {
			isa = PBXVariantGroup;
			children = (
				71089B6918F3897300463A8C /* en */,
			);
			name = InfoPlist.strings;
			sourceTree = "<group>";
		};
		71089B8118F3897300463A8C /* InfoPlist.strings */ = {
			isa = PBXVariantGroup;
			children = (
				71089B8218F3897300463A8C /* en */,
			);
			name = InfoPlist.strings;
			sourceTree = "<group>";
		};
/* End PBXVariantGroup section */

/* Begin XCBuildConfiguration section */
		71089B8618F3897300463A8C /* Debug */ = {
			isa = XCBuildConfiguration;
			buildSettings = {
				ALWAYS_SEARCH_USER_PATHS = NO;
				CLANG_CXX_LANGUAGE_STANDARD = "gnu++0x";
				CLANG_CXX_LIBRARY = "libc++";
				CLANG_ENABLE_MODULES = YES;
				CLANG_ENABLE_OBJC_ARC = YES;
				CLANG_WARN_BOOL_CONVERSION = YES;
				CLANG_WARN_CONSTANT_CONVERSION = YES;
				CLANG_WARN_DIRECT_OBJC_ISA_USAGE = YES_ERROR;
				CLANG_WARN_EMPTY_BODY = YES;
				CLANG_WARN_ENUM_CONVERSION = YES;
				CLANG_WARN_INT_CONVERSION = YES;
				CLANG_WARN_OBJC_ROOT_CLASS = YES_ERROR;
				CLANG_WARN__DUPLICATE_METHOD_MATCH = YES;
				"CODE_SIGN_IDENTITY[sdk=iphoneos*]" = "iPhone Developer";
				COPY_PHASE_STRIP = NO;
				GCC_C_LANGUAGE_STANDARD = gnu99;
				GCC_DYNAMIC_NO_PIC = NO;
				GCC_OPTIMIZATION_LEVEL = 0;
				GCC_PREPROCESSOR_DEFINITIONS = (
					"DEBUG=1",
					"$(inherited)",
				);
				GCC_SYMBOLS_PRIVATE_EXTERN = NO;
				GCC_WARN_64_TO_32_BIT_CONVERSION = YES;
				GCC_WARN_ABOUT_RETURN_TYPE = YES_ERROR;
				GCC_WARN_UNDECLARED_SELECTOR = YES;
				GCC_WARN_UNINITIALIZED_AUTOS = YES_AGGRESSIVE;
				GCC_WARN_UNUSED_FUNCTION = YES;
				GCC_WARN_UNUSED_VARIABLE = YES;
				IPHONEOS_DEPLOYMENT_TARGET = 7.1;
				ONLY_ACTIVE_ARCH = YES;
				SDKROOT = iphoneos;
			};
			name = Debug;
		};
		71089B8718F3897300463A8C /* Release */ = {
			isa = XCBuildConfiguration;
			buildSettings = {
				ALWAYS_SEARCH_USER_PATHS = NO;
				CLANG_CXX_LANGUAGE_STANDARD = "gnu++0x";
				CLANG_CXX_LIBRARY = "libc++";
				CLANG_ENABLE_MODULES = YES;
				CLANG_ENABLE_OBJC_ARC = YES;
				CLANG_WARN_BOOL_CONVERSION = YES;
				CLANG_WARN_CONSTANT_CONVERSION = YES;
				CLANG_WARN_DIRECT_OBJC_ISA_USAGE = YES_ERROR;
				CLANG_WARN_EMPTY_BODY = YES;
				CLANG_WARN_ENUM_CONVERSION = YES;
				CLANG_WARN_INT_CONVERSION = YES;
				CLANG_WARN_OBJC_ROOT_CLASS = YES_ERROR;
				CLANG_WARN__DUPLICATE_METHOD_MATCH = YES;
				"CODE_SIGN_IDENTITY[sdk=iphoneos*]" = "iPhone Developer";
				COPY_PHASE_STRIP = YES;
				ENABLE_NS_ASSERTIONS = NO;
				GCC_C_LANGUAGE_STANDARD = gnu99;
				GCC_WARN_64_TO_32_BIT_CONVERSION = YES;
				GCC_WARN_ABOUT_RETURN_TYPE = YES_ERROR;
				GCC_WARN_UNDECLARED_SELECTOR = YES;
				GCC_WARN_UNINITIALIZED_AUTOS = YES_AGGRESSIVE;
				GCC_WARN_UNUSED_FUNCTION = YES;
				GCC_WARN_UNUSED_VARIABLE = YES;
				IPHONEOS_DEPLOYMENT_TARGET = 7.1;
				SDKROOT = iphoneos;
				VALIDATE_PRODUCT = YES;
			};
			name = Release;
		};
		71089B8918F3897300463A8C /* Debug */ = {
			isa = XCBuildConfiguration;
			buildSettings = {
				ASSETCATALOG_COMPILER_APPICON_NAME = AppIcon;
				ASSETCATALOG_COMPILER_LAUNCHIMAGE_NAME = LaunchImage;
				GCC_PRECOMPILE_PREFIX_HEADER = YES;
				GCC_PREFIX_HEADER = "Quiz/Quiz-Prefix.pch";
				INFOPLIST_FILE = "Quiz/Quiz-Info.plist";
				PRODUCT_NAME = "$(TARGET_NAME)";
				WRAPPER_EXTENSION = app;
			};
			name = Debug;
		};
		71089B8A18F3897300463A8C /* Release */ = {
			isa = XCBuildConfiguration;
			buildSettings = {
				ASSETCATALOG_COMPILER_APPICON_NAME = AppIcon;
				ASSETCATALOG_COMPILER_LAUNCHIMAGE_NAME = LaunchImage;
				GCC_PRECOMPILE_PREFIX_HEADER = YES;
				GCC_PREFIX_HEADER = "Quiz/Quiz-Prefix.pch";
				INFOPLIST_FILE = "Quiz/Quiz-Info.plist";
				PRODUCT_NAME = "$(TARGET_NAME)";
				WRAPPER_EXTENSION = app;
			};
			name = Release;
		};
		71089B8C18F3897300463A8C /* Debug */ = {
			isa = XCBuildConfiguration;
			buildSettings = {
				BUNDLE_LOADER = "$(BUILT_PRODUCTS_DIR)/Quiz.app/Quiz";
				FRAMEWORK_SEARCH_PATHS = (
					"$(SDKROOT)/Developer/Library/Frameworks",
					"$(inherited)",
					"$(DEVELOPER_FRAMEWORKS_DIR)",
				);
				GCC_PRECOMPILE_PREFIX_HEADER = YES;
				GCC_PREFIX_HEADER = "Quiz/Quiz-Prefix.pch";
				GCC_PREPROCESSOR_DEFINITIONS = (
					"DEBUG=1",
					"$(inherited)",
				);
				INFOPLIST_FILE = "QuizTests/QuizTests-Info.plist";
				PRODUCT_NAME = "$(TARGET_NAME)";
				TEST_HOST = "$(BUNDLE_LOADER)";
				WRAPPER_EXTENSION = xctest;
			};
			name = Debug;
		};
		71089B8D18F3897300463A8C /* Release */ = {
			isa = XCBuildConfiguration;
			buildSettings = {
				BUNDLE_LOADER = "$(BUILT_PRODUCTS_DIR)/Quiz.app/Quiz";
				FRAMEWORK_SEARCH_PATHS = (
					"$(SDKROOT)/Developer/Library/Frameworks",
					"$(inherited)",
					"$(DEVELOPER_FRAMEWORKS_DIR)",
				);
				GCC_PRECOMPILE_PREFIX_HEADER = YES;
				GCC_PREFIX_HEADER = "Quiz/Quiz-Prefix.pch";
				INFOPLIST_FILE = "QuizTests/QuizTests-Info.plist";
				PRODUCT_NAME = "$(TARGET_NAME)";
				TEST_HOST = "$(BUNDLE_LOADER)";
				WRAPPER_EXTENSION = xctest;
			};
			name = Release;
		};
/* End XCBuildConfiguration section */

/* Begin XCConfigurationList section */
		71089B5718F3897300463A8C /* Build configuration list for PBXProject "Quiz" */ = {
			isa = XCConfigurationList;
			buildConfigurations = (
				71089B8618F3897300463A8C /* Debug */,
				71089B8718F3897300463A8C /* Release */,
			);
			defaultConfigurationIsVisible = 0;
			defaultConfigurationName = Release;
		};
		71089B8818F3897300463A8C /* Build configuration list for PBXNativeTarget "Quiz" */ = {
			isa = XCConfigurationList;
			buildConfigurations = (
				71089B8918F3897300463A8C /* Debug */,
				71089B8A18F3897300463A8C /* Release */,
			);
			defaultConfigurationIsVisible = 0;
		};
		71089B8B18F3897300463A8C /* Build configuration list for PBXNativeTarget "QuizTests" */ = {
			isa = XCConfigurationList;
			buildConfigurations = (
				71089B8C18F3897300463A8C /* Debug */,
				71089B8D18F3897300463A8C /* Release */,
			);
			defaultConfigurationIsVisible = 0;
		};
/* End XCConfigurationList section */
	};
	rootObject = 71089B5418F3897300463A8C /* Project object */;
}
